
Microsoft Visual Studio Solution File, Format Version 12.00
# Visual Studio Version 17
VisualStudioVersion = 17.2.32516.85
MinimumVisualStudioVersion = 10.0.40219.1
Project("{9A19103F-16F7-4668-BE54-9A1E7A4F7556}") = "GrpcHighscoreService", "GrpcHighscoreService.csproj", "{89CE925D-68AB-460B-B12C-82CA981743D2}"
EndProject
Global
	GlobalSection(SolutionConfigurationPlatforms) = preSolution
		Debug|Any CPU = Debug|Any CPU
		Release|Any CPU = Release|Any CPU
	EndGlobalSection
	GlobalSection(ProjectConfigurationPlatforms) = postSolution
		{89CE925D-68AB-460B-B12C-82CA981743D2}.Debug|Any CPU.ActiveCfg = Debug|Any CPU
		{89CE925D-68AB-460B-B12C-82CA981743D2}.Debug|Any CPU.Build.0 = Debug|Any CPU
		{89CE925D-68AB-460B-B12C-82CA981743D2}.Release|Any CPU.ActiveCfg = Release|Any CPU
		{89CE925D-68AB-460B-B12C-82CA981743D2}.Release|Any CPU.Build.0 = Release|Any CPU
	EndGlobalSection
	GlobalSection(SolutionProperties) = preSolution
		HideSolutionNode = FALSE
	EndGlobalSection
	GlobalSection(ExtensibilityGlobals) = postSolution
		SolutionGuid = {AB0DD1A5-1E67-4239-90CE-E84EDD08238F}
	EndGlobalSection
EndGlobal
